
Microsoft Visual Studio Solution File, Format Version 12.00
# Visual Studio Version 17
VisualStudioVersion = 17.0.32112.339
MinimumVisualStudioVersion = 10.0.40219.1
Project("{FAE04EC0-301F-11D3-BF4B-00C04F79EFBC}") = "Rest1", "Rest1\Rest1.csproj", "{0562BA67-CFA9-4A0E-88CB-F78BE088AB65}"
EndProject
Global
	GlobalSection(SolutionConfigurationPlatforms) = preSolution
		Debug|Any CPU = Debug|Any CPU
		Release|Any CPU = Release|Any CPU
	EndGlobalSection
	GlobalSection(ProjectConfigurationPlatforms) = postSolution
		{0562BA67-CFA9-4A0E-88CB-F78BE088AB65}.Debug|Any CPU.ActiveCfg = Debug|Any CPU
		{0562BA67-CFA9-4A0E-88CB-F78BE088AB65}.Debug|Any CPU.Build.0 = Debug|Any CPU
		{0562BA67-CFA9-4A0E-88CB-F78BE088AB65}.Release|Any CPU.ActiveCfg = Release|Any CPU
		{0562BA67-CFA9-4A0E-88CB-F78BE088AB65}.Release|Any CPU.Build.0 = Release|Any CPU
	EndGlobalSection
	GlobalSection(SolutionProperties) = preSolution
		HideSolutionNode = FALSE
	EndGlobalSection
	GlobalSection(ExtensibilityGlobals) = postSolution
		SolutionGuid = {7294C18C-5796-461F-8503-9098EDF626D0}
	EndGlobalSection
EndGlobal
